
Microsoft Visual Studio Solution File, Format Version 12.00
# Visual Studio Version 17
VisualStudioVersion = 17.6.33712.159
MinimumVisualStudioVersion = 10.0.40219.1
Project("{FAE04EC0-301F-11D3-BF4B-00C04F79EFBC}") = "application-calculator", "application-calculator.csproj", "{64B00838-5917-422A-9575-89A2CB45EF86}"
EndProject
Global
	GlobalSection(SolutionConfigurationPlatforms) = preSolution
		Debug|Any CPU = Debug|Any CPU
		Release|Any CPU = Release|Any CPU
	EndGlobalSection
	GlobalSection(ProjectConfigurationPlatforms) = postSolution
		{64B00838-5917-422A-9575-89A2CB45EF86}.Debug|Any CPU.ActiveCfg = Debug|Any CPU
		{64B00838-5917-422A-9575-89A2CB45EF86}.Debug|Any CPU.Build.0 = Debug|Any CPU
		{64B00838-5917-422A-9575-89A2CB45EF86}.Release|Any CPU.ActiveCfg = Release|Any CPU
		{64B00838-5917-422A-9575-89A2CB45EF86}.Release|Any CPU.Build.0 = Release|Any CPU
	EndGlobalSection
	GlobalSection(SolutionProperties) = preSolution
		HideSolutionNode = FALSE
	EndGlobalSection
	GlobalSection(ExtensibilityGlobals) = postSolution
		SolutionGuid = {ECDA2159-4A64-4DA5-9AAC-D7A2E223DFAE}
	EndGlobalSection
EndGlobal
